{
  "version": 4,
  "terraform_version": "1.14.2",
  "serial": 659,
  "lineage": "30ea0c67-d222-96c7-c75a-1ce5bd191ab8",
  "outputs": {},
  "resources": [
    {
      "module": "module.iam_role_policy_attachment",
      "mode": "managed",
      "type": "aws_iam_role_policy_attachment",
      "name": "eks_cluster_policy",
      "provider": "provider[\"registry.terraform.io/hashicorp/aws\"]",
      "instances": [
        {
          "schema_version": 0,
          "attributes": {
            "id": "eks_cluster_roles/arn:aws:iam::aws:policy/AmazonEKSClusterPolicy",
            "policy_arn": "arn:aws:iam::aws:policy/AmazonEKSClusterPolicy",
            "role": "eks_cluster_roles"
          },
          "sensitive_attributes": [],
          "identity_schema_version": 0,
          "identity": {
            "account_id": "323890959625",
            "policy_arn": "arn:aws:iam::aws:policy/AmazonEKSClusterPolicy",
            "role": "eks_cluster_roles"
          },
          "private": "bnVsbA==",
          "dependencies": [
            "module.iamrole_eks.aws_iam_role.eks_cluster_role"
          ]
        }
      ]
    },
    {
      "module": "module.iamrole_eks",
      "mode": "managed",
      "type": "aws_iam_role",
      "name": "eks_cluster_role",
      "provider": "provider[\"registry.terraform.io/hashicorp/aws\"]",
      "instances": [
        {
          "schema_version": 0,
          "attributes": {
            "arn": "arn:aws:iam::323890959625:role/eks_cluster_roles",
            "assume_role_policy": "{\"Statement\":[{\"Action\":\"sts:AssumeRole\",\"Effect\":\"Allow\",\"Principal\":{\"Service\":\"eks.amazonaws.com\"}}],\"Version\":\"2012-10-17\"}",
            "create_date": "2026-01-06T10:58:06Z",
            "description": "",
            "force_detach_policies": false,
            "id": "eks_cluster_roles",
            "inline_policy": [],
            "managed_policy_arns": [
              "arn:aws:iam::aws:policy/AmazonEKSClusterPolicy"
            ],
            "max_session_duration": 3600,
            "name": "eks_cluster_roles",
            "name_prefix": "",
            "path": "/",
            "permissions_boundary": "",
            "tags": {},
            "tags_all": {},
            "unique_id": "AROAUW2LH2UE4GFMK3IXO"
          },
          "sensitive_attributes": [],
          "identity_schema_version": 0,
          "identity": {
            "account_id": "323890959625",
            "name": "eks_cluster_roles"
          },
          "private": "bnVsbA=="
        }
      ]
    },
    {
      "module": "module.k8scluster",
      "mode": "managed",
      "type": "aws_eks_cluster",
      "name": "ekscluster",
      "provider": "provider[\"registry.terraform.io/hashicorp/aws\"]",
      "instances": [
        {
          "schema_version": 1,
          "attributes": {
            "access_config": [
              {
                "authentication_mode": "API_AND_CONFIG_MAP",
                "bootstrap_cluster_creator_admin_permissions": false
              }
            ],
            "arn": "arn:aws:eks:us-east-1:323890959625:cluster/my_eks_cluster",
            "bootstrap_self_managed_addons": true,
            "certificate_authority": [
              {
                "data": "LS0tLS1CRUdJTiBDRVJUSUZJQ0FURS0tLS0tCk1JSURCVENDQWUyZ0F3SUJBZ0lJYnBhYW0xZDJidXN3RFFZSktvWklodmNOQVFFTEJRQXdGVEVUTUJFR0ExVUUKQXhNS2EzVmlaWEp1WlhSbGN6QWVGdzB5TmpBeE1EWXhNRFU1TURaYUZ3MHpOakF4TURReE1UQTBNRFphTUJVeApFekFSQmdOVkJBTVRDbXQxWW1WeWJtVjBaWE13Z2dFaU1BMEdDU3FHU0liM0RRRUJBUVVBQTRJQkR3QXdnZ0VLCkFvSUJBUURCUVdocXVkZEVFVGM2c2FNZUdhbVdpRHF3dHcrNlh4MjJ1L1NINk1EbEFOcURxK1JaN2k0WHJmT0wKOXBoaGFYZ3VQQzlUY3RXYXhIYVRIU1JGOXh1bUJSeERYWTJJNE5xZXlBSFFpNXQ1VkRxQnYwdGt2N1JCQWlOZQovQURHY05XNW1qVXhSZmJ5RmM0N1EwTTFoSkpGYmxYdmNzb29JbnQvMEFCMTVoK0RvV28rYUNaL1hjNU1QM1RDCmZLcXd0Y2NyclU4MFgvWEJpY2orK3NWbjNXSjZ5ZU9xeWtSemlPRkVmeitqbmhSS1k2MFVkMnJ4Y1FxUXp0amIKOVlCd2FJWUNxSFNsbmduaWhiVEFCelovaE1sUS9BQTZBMHNENlQySm9EcVdCMS8wcmRwNDExZk5zRmo1NjVWcQpnMXR0V21Hc3QvQkpNNExDMVFoblFrM0RwMXZaQWdNQkFBR2pXVEJYTUE0R0ExVWREd0VCL3dRRUF3SUNwREFQCkJnTlZIUk1CQWY4RUJUQURBUUgvTUIwR0ExVWREZ1FXQkJUWmoyT3pWaWRGcFZ5Yngyak1GWWNWRGFGZXJ6QVYKQmdOVkhSRUVEakFNZ2dwcmRXSmxjbTVsZEdWek1BMEdDU3FHU0liM0RRRUJDd1VBQTRJQkFRQXlqeEwxV3piMwovUmx3NytwSllwWXR3VHloa3M1dytKTzhMNURQa0NrbFRnSCtqTTIxb0Y3WEw3cmJSSjBuZlF1ZTZyb1JTNVZsClAxTWJvb2VWNDFGcFFpNmxZUFRETHZKOEc0WU1vdFFvVGxuTTN6SEh1YmE0Q3RDUnFyNkhCaGl4azZreWJja28KdHFxRWZmOFFnQ2dpNC9tZTlDcHNpUUJhVUZJeHNwSXUzYjFKL3VHWkhqTkJ1ci9vU2tFMmRpZlJOaUYxRWJ5bQo3Nit3MzF3clVLTTlXUXY1SUNpSG90RTE1ekZ5emxJc1ViRlJZcXZ4cko0aHUxY2xtSlV3dGEra1Z5b2N2cDRvCloralJwZzNUMGs0MEZmb2hSMkhIM0xCcHlpNFJ4b1VLMkhIWXVkRXNVZnQzR1BPblluWlhrR2dWcXhSQnowbTYKM2N3Ykd6M0l6TEdnCi0tLS0tRU5EIENFUlRJRklDQVRFLS0tLS0K"
              }
            ],
            "cluster_id": null,
            "compute_config": [
              {
                "enabled": false,
                "node_pools": [],
                "node_role_arn": ""
              }
            ],
            "control_plane_scaling_config": [
              {
                "tier": "standard"
              }
            ],
            "created_at": "2026-01-06T10:58:17Z",
            "deletion_protection": false,
            "enabled_cluster_log_types": [],
            "encryption_config": [],
            "endpoint": "https://DA6510F57A7ACFE136D32394C3646C68.gr7.us-east-1.eks.amazonaws.com",
            "force_update_version": null,
            "id": "my_eks_cluster",
            "identity": [
              {
                "oidc": [
                  {
                    "issuer": "https://oidc.eks.us-east-1.amazonaws.com/id/DA6510F57A7ACFE136D32394C3646C68"
                  }
                ]
              }
            ],
            "kubernetes_network_config": [
              {
                "elastic_load_balancing": [
                  {
                    "enabled": false
                  }
                ],
                "ip_family": "ipv4",
                "service_ipv4_cidr": "172.20.0.0/16",
                "service_ipv6_cidr": ""
              }
            ],
            "name": "my_eks_cluster",
            "outpost_config": [],
            "platform_version": "eks.47",
            "region": "us-east-1",
            "remote_network_config": [],
            "role_arn": "arn:aws:iam::323890959625:role/eks_cluster_roles",
            "status": "ACTIVE",
            "storage_config": [
              {
                "block_storage": [
                  {
                    "enabled": false
                  }
                ]
              }
            ],
            "tags": {
              "alpha.eksctl.io/cluster-oidc-enabled": "true"
            },
            "tags_all": {
              "alpha.eksctl.io/cluster-oidc-enabled": "true"
            },
            "timeouts": null,
            "upgrade_policy": [
              {
                "support_type": "EXTENDED"
              }
            ],
            "version": "1.31",
            "vpc_config": [
              {
                "cluster_security_group_id": "sg-070114898447f0020",
                "endpoint_private_access": false,
                "endpoint_public_access": true,
                "public_access_cidrs": [
                  "0.0.0.0/0"
                ],
                "security_group_ids": [],
                "subnet_ids": [
                  "subnet-00823fb38378b6467",
                  "subnet-060b974115c17e0e2"
                ],
                "vpc_id": "vpc-0c9d94e6b99393b82"
              }
            ],
            "zonal_shift_config": []
          },
          "sensitive_attributes": [],
          "identity_schema_version": 0,
          "private": "eyJlMmJmYjczMC1lY2FhLTExZTYtOGY4OC0zNDM2M2JjN2M0YzAiOnsiY3JlYXRlIjoxODAwMDAwMDAwMDAwLCJkZWxldGUiOjkwMDAwMDAwMDAwMCwidXBkYXRlIjozNjAwMDAwMDAwMDAwfSwic2NoZW1hX3ZlcnNpb24iOiIxIn0=",
          "dependencies": [
            "module.iam_role_policy_attachment.aws_iam_role_policy_attachment.eks_cluster_policy",
            "module.iamrole_eks.aws_iam_role.eks_cluster_role",
            "module.privatesubnet.aws_subnet.private_subnet_1a",
            "module.privatesubnet.aws_subnet.private_subnet_1b",
            "module.vpc.aws_vpc.myvpc"
          ]
        }
      ]
    },
    {
      "module": "module.privatesubnet",
      "mode": "managed",
      "type": "aws_subnet",
      "name": "private_subnet_1a",
      "provider": "provider[\"registry.terraform.io/hashicorp/aws\"]",
      "instances": [
        {
          "schema_version": 1,
          "attributes": {
            "arn": "arn:aws:ec2:us-east-1:323890959625:subnet/subnet-00823fb38378b6467",
            "assign_ipv6_address_on_creation": false,
            "availability_zone": "us-east-1a",
            "availability_zone_id": "use1-az1",
            "cidr_block": "10.0.3.0/24",
            "customer_owned_ipv4_pool": "",
            "enable_dns64": false,
            "enable_lni_at_device_index": 0,
            "enable_resource_name_dns_a_record_on_launch": false,
            "enable_resource_name_dns_aaaa_record_on_launch": false,
            "id": "subnet-00823fb38378b6467",
            "ipv6_cidr_block": "",
            "ipv6_cidr_block_association_id": "",
            "ipv6_native": false,
            "map_customer_owned_ip_on_launch": false,
            "map_public_ip_on_launch": false,
            "outpost_arn": "",
            "owner_id": "323890959625",
            "private_dns_hostname_type_on_launch": "ip-name",
            "region": "us-east-1",
            "tags": {
              "Name": "private_subnet_1a"
            },
            "tags_all": {
              "Name": "private_subnet_1a"
            },
            "timeouts": null,
            "vpc_id": "vpc-0c9d94e6b99393b82"
          },
          "sensitive_attributes": [],
          "identity_schema_version": 0,
          "identity": {
            "account_id": "323890959625",
            "id": "subnet-00823fb38378b6467",
            "region": "us-east-1"
          },
          "private": "eyJlMmJmYjczMC1lY2FhLTExZTYtOGY4OC0zNDM2M2JjN2M0YzAiOnsiY3JlYXRlIjo2MDAwMDAwMDAwMDAsImRlbGV0ZSI6MTIwMDAwMDAwMDAwMH0sInNjaGVtYV92ZXJzaW9uIjoiMSJ9",
          "dependencies": [
            "module.vpc.aws_vpc.myvpc"
          ]
        }
      ]
    },
    {
      "module": "module.privatesubnet",
      "mode": "managed",
      "type": "aws_subnet",
      "name": "private_subnet_1b",
      "provider": "provider[\"registry.terraform.io/hashicorp/aws\"]",
      "instances": [
        {
          "schema_version": 1,
          "attributes": {
            "arn": "arn:aws:ec2:us-east-1:323890959625:subnet/subnet-060b974115c17e0e2",
            "assign_ipv6_address_on_creation": false,
            "availability_zone": "us-east-1b",
            "availability_zone_id": "use1-az2",
            "cidr_block": "10.0.4.0/24",
            "customer_owned_ipv4_pool": "",
            "enable_dns64": false,
            "enable_lni_at_device_index": 0,
            "enable_resource_name_dns_a_record_on_launch": false,
            "enable_resource_name_dns_aaaa_record_on_launch": false,
            "id": "subnet-060b974115c17e0e2",
            "ipv6_cidr_block": "",
            "ipv6_cidr_block_association_id": "",
            "ipv6_native": false,
            "map_customer_owned_ip_on_launch": false,
            "map_public_ip_on_launch": false,
            "outpost_arn": "",
            "owner_id": "323890959625",
            "private_dns_hostname_type_on_launch": "ip-name",
            "region": "us-east-1",
            "tags": {
              "Name": "private_subnet_1b"
            },
            "tags_all": {
              "Name": "private_subnet_1b"
            },
            "timeouts": null,
            "vpc_id": "vpc-0c9d94e6b99393b82"
          },
          "sensitive_attributes": [],
          "identity_schema_version": 0,
          "identity": {
            "account_id": "323890959625",
            "id": "subnet-060b974115c17e0e2",
            "region": "us-east-1"
          },
          "private": "eyJlMmJmYjczMC1lY2FhLTExZTYtOGY4OC0zNDM2M2JjN2M0YzAiOnsiY3JlYXRlIjo2MDAwMDAwMDAwMDAsImRlbGV0ZSI6MTIwMDAwMDAwMDAwMH0sInNjaGVtYV92ZXJzaW9uIjoiMSJ9",
          "dependencies": [
            "module.vpc.aws_vpc.myvpc"
          ]
        }
      ]
    },
    {
      "module": "module.vpc",
      "mode": "managed",
      "type": "aws_vpc",
      "name": "myvpc",
      "provider": "provider[\"registry.terraform.io/hashicorp/aws\"]",
      "instances": [
        {
          "schema_version": 1,
          "attributes": {
            "arn": "arn:aws:ec2:us-east-1:323890959625:vpc/vpc-0c9d94e6b99393b82",
            "assign_generated_ipv6_cidr_block": false,
            "cidr_block": "10.0.0.0/16",
            "default_network_acl_id": "acl-03929f569c568e5c0",
            "default_route_table_id": "rtb-0a6a9142859694b7b",
            "default_security_group_id": "sg-0482c42361146472b",
            "dhcp_options_id": "dopt-0fe6348defe242685",
            "enable_dns_hostnames": false,
            "enable_dns_support": true,
            "enable_network_address_usage_metrics": false,
            "id": "vpc-0c9d94e6b99393b82",
            "instance_tenancy": "default",
            "ipv4_ipam_pool_id": null,
            "ipv4_netmask_length": null,
            "ipv6_association_id": "",
            "ipv6_cidr_block": "",
            "ipv6_cidr_block_network_border_group": "",
            "ipv6_ipam_pool_id": "",
            "ipv6_netmask_length": 0,
            "main_route_table_id": "rtb-0a6a9142859694b7b",
            "owner_id": "323890959625",
            "region": "us-east-1",
            "tags": {
              "Name": "vpc-(IAC)"
            },
            "tags_all": {
              "Name": "vpc-(IAC)"
            }
          },
          "sensitive_attributes": [],
          "identity_schema_version": 0,
          "identity": {
            "account_id": "323890959625",
            "id": "vpc-0c9d94e6b99393b82",
            "region": "us-east-1"
          },
          "private": "eyJzY2hlbWFfdmVyc2lvbiI6IjEifQ=="
        }
      ]
    }
  ],
  "check_results": null
}
